// !$*UTF8*$!
{
	archiveVersion = 1;
	classes = {
	};
	objectVersion = 50;
	objects = {

/* Begin PBXBuildFile section */
		78594906244F6CC1009ABCDA /* AppDelegate.swift in Sources */ = {isa = PBXBuildFile; fileRef = 78594905244F6CC1009ABCDA /* AppDelegate.swift */; };
		78594908244F6CC1009ABCDA /* SceneDelegate.swift in Sources */ = {isa = PBXBuildFile; fileRef = 78594907244F6CC1009ABCDA /* SceneDelegate.swift */; };
		7859490A244F6CC1009ABCDA /* ViewController.swift in Sources */ = {isa = PBXBuildFile; fileRef = 78594909244F6CC1009ABCDA /* ViewController.swift */; };
		7859490D244F6CC1009ABCDA /* Main.storyboard in Resources */ = {isa = PBXBuildFile; fileRef = 7859490B244F6CC1009ABCDA /* Main.storyboard */; };
		78594910244F6CC1009ABCDA /* ShapeThree.xcdatamodeld in Sources */ = {isa = PBXBuildFile; fileRef = 7859490E244F6CC1009ABCDA /* ShapeThree.xcdatamodeld */; };
		78594912244F6CC7009ABCDA /* Assets.xcassets in Resources */ = {isa = PBXBuildFile; fileRef = 78594911244F6CC7009ABCDA /* Assets.xcassets */; };
		78594915244F6CC7009ABCDA /* LaunchScreen.storyboard in Resources */ = {isa = PBXBuildFile; fileRef = 78594913244F6CC7009ABCDA /* LaunchScreen.storyboard */; };
		7859491D244F6D58009ABCDA /* Circle.swift in Sources */ = {isa = PBXBuildFile; fileRef = 7859491C244F6D58009ABCDA /* Circle.swift */; };
		7859491F244F6D76009ABCDA /* StarsAny.swift in Sources */ = {isa = PBXBuildFile; fileRef = 7859491E244F6D76009ABCDA /* StarsAny.swift */; };
		78594921244F6D89009ABCDA /* Shape.swift in Sources */ = {isa = PBXBuildFile; fileRef = 78594920244F6D89009ABCDA /* Shape.swift */; };
/* End PBXBuildFile section */

/* Begin PBXFileReference section */
		78594902244F6CC1009ABCDA /* ShapeThree.app */ = {isa = PBXFileReference; explicitFileType = wrapper.application; includeInIndex = 0; path = ShapeThree.app; sourceTree = BUILT_PRODUCTS_DIR; };
		78594905244F6CC1009ABCDA /* AppDelegate.swift */ = {isa = PBXFileReference; lastKnownFileType = sourcecode.swift; path = AppDelegate.swift; sourceTree = "<group>"; };
		78594907244F6CC1009ABCDA /* SceneDelegate.swift */ = {isa = PBXFileReference; lastKnownFileType = sourcecode.swift; path = SceneDelegate.swift; sourceTree = "<group>"; };
		78594909244F6CC1009ABCDA /* ViewController.swift */ = {isa = PBXFileReference; lastKnownFileType = sourcecode.swift; path = ViewController.swift; sourceTree = "<group>"; };
		7859490C244F6CC1009ABCDA /* Base */ = {isa = PBXFileReference; lastKnownFileType = file.storyboard; name = Base; path = Base.lproj/Main.storyboard; sourceTree = "<group>"; };
		7859490F244F6CC1009ABCDA /* ShapeThree.xcdatamodel */ = {isa = PBXFileReference; lastKnownFileType = wrapper.xcdatamodel; path = ShapeThree.xcdatamodel; sourceTree = "<group>"; };
		78594911244F6CC7009ABCDA /* Assets.xcassets */ = {isa = PBXFileReference; lastKnownFileType = folder.assetcatalog; path = Assets.xcassets; sourceTree = "<group>"; };
		78594914244F6CC7009ABCDA /* Base */ = {isa = PBXFileReference; lastKnownFileType = file.storyboard; name = Base; path = Base.lproj/LaunchScreen.storyboard; sourceTree = "<group>"; };
		78594916244F6CC7009ABCDA /* Info.plist */ = {isa = PBXFileReference; lastKnownFileType = text.plist.xml; path = Info.plist; sourceTree = "<group>"; };
		7859491C244F6D58009ABCDA /* Circle.swift */ = {isa = PBXFileReference; lastKnownFileType = sourcecode.swift; path = Circle.swift; sourceTree = "<group>"; };
		7859491E244F6D76009ABCDA /* StarsAny.swift */ = {isa = PBXFileReference; lastKnownFileType = sourcecode.swift; path = StarsAny.swift; sourceTree = "<group>"; };
		78594920244F6D89009ABCDA /* Shape.swift */ = {isa = PBXFileReference; lastKnownFileType = sourcecode.swift; path = Shape.swift; sourceTree = "<group>"; };
/* End PBXFileReference section */

/* Begin PBXFrameworksBuildPhase section */
		785948FF244F6CC1009ABCDA /* Frameworks */ = {
			isa = PBXFrameworksBuildPhase;
			buildActionMask = 2147483647;
			files = (
			);
			runOnlyForDeploymentPostprocessing = 0;
		};
/* End PBXFrameworksBuildPhase section */

/* Begin PBXGroup section */
		785948F9244F6CC1009ABCDA = {
			isa = PBXGroup;
			children = (
				78594904244F6CC1009ABCDA /* ShapeThree */,
				78594903244F6CC1009ABCDA /* Products */,
			);
			sourceTree = "<group>";
		};
		78594903244F6CC1009ABCDA /* Products */ = {
			isa = PBXGroup;
			children = (
				78594902244F6CC1009ABCDA /* ShapeThree.app */,
			);
			name = Products;
			sourceTree = "<group>";
		};
		78594904244F6CC1009ABCDA /* ShapeThree */ = {
			isa = PBXGroup;
			children = (
				78594905244F6CC1009ABCDA /* AppDelegate.swift */,
				78594907244F6CC1009ABCDA /* SceneDelegate.swift */,
				78594909244F6CC1009ABCDA /* ViewController.swift */,
				7859490B244F6CC1009ABCDA /* Main.storyboard */,
				7859491C244F6D58009ABCDA /* Circle.swift */,
				7859491E244F6D76009ABCDA /* StarsAny.swift */,
				78594920244F6D89009ABCDA /* Shape.swift */,
				78594911244F6CC7009ABCDA /* Assets.xcassets */,
				78594913244F6CC7009ABCDA /* LaunchScreen.storyboard */,
				78594916244F6CC7009ABCDA /* Info.plist */,
				7859490E244F6CC1009ABCDA /* ShapeThree.xcdatamodeld */,
			);
			path = ShapeThree;
			sourceTree = "<group>";
		};
/* End PBXGroup section */

/* Begin PBXNativeTarget section */
		78594901244F6CC1009ABCDA /* ShapeThree */ = {
			isa = PBXNativeTarget;
			buildConfigurationList = 78594919244F6CC7009ABCDA /* Build configuration list for PBXNativeTarget "ShapeThree" */;
			buildPhases = (
				785948FE244F6CC1009ABCDA /* Sources */,
				785948FF244F6CC1009ABCDA /* Frameworks */,
				78594900244F6CC1009ABCDA /* Resources */,
			);
			buildRules = (
			);
			dependencies = (
			);
			name = ShapeThree;
			productName = ShapeThree;
			productReference = 78594902244F6CC1009ABCDA /* ShapeThree.app */;
			productType = "com.apple.product-type.application";
		};
/* End PBXNativeTarget section */

/* Begin PBXProject section */
		785948FA244F6CC1009ABCDA /* Project object */ = {
			isa = PBXProject;
			attributes = {
				LastSwiftUpdateCheck = 1130;
				LastUpgradeCheck = 1130;
				ORGANIZATIONNAME = "Harut Yeremyan";
				TargetAttributes = {
					78594901244F6CC1009ABCDA = {
						CreatedOnToolsVersion = 11.3.1;
					};
				};
			};
			buildConfigurationList = 785948FD244F6CC1009ABCDA /* Build configuration list for PBXProject "ShapeThree" */;
			compatibilityVersion = "Xcode 9.3";
			developmentRegion = en;
			hasScannedForEncodings = 0;
			knownRegions = (
				en,
				Base,
			);
			mainGroup = 785948F9244F6CC1009ABCDA;
			productRefGroup = 78594903244F6CC1009ABCDA /* Products */;
			projectDirPath = "";
			projectRoot = "";
			targets = (
				78594901244F6CC1009ABCDA /* ShapeThree */,
			);
		};
/* End PBXProject section */

/* Begin PBXResourcesBuildPhase section */
		78594900244F6CC1009ABCDA /* Resources */ = {
			isa = PBXResourcesBuildPhase;
			buildActionMask = 2147483647;
			files = (
				78594915244F6CC7009ABCDA /* LaunchScreen.storyboard in Resources */,
				78594912244F6CC7009ABCDA /* Assets.xcassets in Resources */,
				7859490D244F6CC1009ABCDA /* Main.storyboard in Resources */,
			);
			runOnlyForDeploymentPostprocessing = 0;
		};
/* End PBXResourcesBuildPhase section */

/* Begin PBXSourcesBuildPhase section */
		785948FE244F6CC1009ABCDA /* Sources */ = {
			isa = PBXSourcesBuildPhase;
			buildActionMask = 2147483647;
			files = (
				7859491D244F6D58009ABCDA /* Circle.swift in Sources */,
				78594910244F6CC1009ABCDA /* ShapeThree.xcdatamodeld in Sources */,
				7859491F244F6D76009ABCDA /* StarsAny.swift in Sources */,
				78594921244F6D89009ABCDA /* Shape.swift in Sources */,
				7859490A244F6CC1009ABCDA /* ViewController.swift in Sources */,
				78594906244F6CC1009ABCDA /* AppDelegate.swift in Sources */,
				78594908244F6CC1009ABCDA /* SceneDelegate.swift in Sources */,
			);
			runOnlyForDeploymentPostprocessing = 0;
		};
/* End PBXSourcesBuildPhase section */

/* Begin PBXVariantGroup section */
		7859490B244F6CC1009ABCDA /* Main.storyboard */ = {
			isa = PBXVariantGroup;
			children = (
				7859490C244F6CC1009ABCDA /* Base */,
			);
			name = Main.storyboard;
			sourceTree = "<group>";
		};
		78594913244F6CC7009ABCDA /* LaunchScreen.storyboard */ = {
			isa = PBXVariantGroup;
			children = (
				78594914244F6CC7009ABCDA /* Base */,
			);
			name = LaunchScreen.storyboard;
			sourceTree = "<group>";
		};
/* End PBXVariantGroup section */

/* Begin XCBuildConfiguration section */
		78594917244F6CC7009ABCDA /* Debug */ = {
			isa = XCBuildConfiguration;
			buildSettings = {
				ALWAYS_SEARCH_USER_PATHS = NO;
				CLANG_ANALYZER_NONNULL = YES;
				CLANG_ANALYZER_NUMBER_OBJECT_CONVERSION = YES_AGGRESSIVE;
				CLANG_CXX_LANGUAGE_STANDARD = "gnu++14";
				CLANG_CXX_LIBRARY = "libc++";
				CLANG_ENABLE_MODULES = YES;
				CLANG_ENABLE_OBJC_ARC = YES;
				CLANG_ENABLE_OBJC_WEAK = YES;
				CLANG_WARN_BLOCK_CAPTURE_AUTORELEASING = YES;
				CLANG_WARN_BOOL_CONVERSION = YES;
				CLANG_WARN_COMMA = YES;
				CLANG_WARN_CONSTANT_CONVERSION = YES;
				CLANG_WARN_DEPRECATED_OBJC_IMPLEMENTATIONS = YES;
				CLANG_WARN_DIRECT_OBJC_ISA_USAGE = YES_ERROR;
				CLANG_WARN_DOCUMENTATION_COMMENTS = YES;
				CLANG_WARN_EMPTY_BODY = YES;
				CLANG_WARN_ENUM_CONVERSION = YES;
				CLANG_WARN_INFINITE_RECURSION = YES;
				CLANG_WARN_INT_CONVERSION = YES;
				CLANG_WARN_NON_LITERAL_NULL_CONVERSION = YES;
				CLANG_WARN_OBJC_IMPLICIT_RETAIN_SELF = YES;
				CLANG_WARN_OBJC_LITERAL_CONVERSION = YES;
				CLANG_WARN_OBJC_ROOT_CLASS = YES_ERROR;
				CLANG_WARN_RANGE_LOOP_ANALYSIS = YES;
				CLANG_WARN_STRICT_PROTOTYPES = YES;
				CLANG_WARN_SUSPICIOUS_MOVE = YES;
				CLANG_WARN_UNGUARDED_AVAILABILITY = YES_AGGRESSIVE;
				CLANG_WARN_UNREACHABLE_CODE = YES;
				CLANG_WARN__DUPLICATE_METHOD_MATCH = YES;
				COPY_PHASE_STRIP = NO;
				DEBUG_INFORMATION_FORMAT = dwarf;
				ENABLE_STRICT_OBJC_MSGSEND = YES;
				ENABLE_TESTABILITY = YES;
				GCC_C_LANGUAGE_STANDARD = gnu11;
				GCC_DYNAMIC_NO_PIC = NO;
				GCC_NO_COMMON_BLOCKS = YES;
				GCC_OPTIMIZATION_LEVEL = 0;
				GCC_PREPROCESSOR_DEFINITIONS = (
					"DEBUG=1",
					"$(inherited)",
				);
				GCC_WARN_64_TO_32_BIT_CONVERSION = YES;
				GCC_WARN_ABOUT_RETURN_TYPE = YES_ERROR;
				GCC_WARN_UNDECLARED_SELECTOR = YES;
				GCC_WARN_UNINITIALIZED_AUTOS = YES_AGGRESSIVE;
				GCC_WARN_UNUSED_FUNCTION = YES;
				GCC_WARN_UNUSED_VARIABLE = YES;
				IPHONEOS_DEPLOYMENT_TARGET = 13.2;
				MTL_ENABLE_DEBUG_INFO = INCLUDE_SOURCE;
				MTL_FAST_MATH = YES;
				ONLY_ACTIVE_ARCH = YES;
				SDKROOT = iphoneos;
				SWIFT_ACTIVE_COMPILATION_CONDITIONS = DEBUG;
				SWIFT_OPTIMIZATION_LEVEL = "-Onone";
			};
			name = Debug;
		};
		78594918244F6CC7009ABCDA /* Release */ = {
			isa = XCBuildConfiguration;
			buildSettings = {
				ALWAYS_SEARCH_USER_PATHS = NO;
				CLANG_ANALYZER_NONNULL = YES;
				CLANG_ANALYZER_NUMBER_OBJECT_CONVERSION = YES_AGGRESSIVE;
				CLANG_CXX_LANGUAGE_STANDARD = "gnu++14";
				CLANG_CXX_LIBRARY = "libc++";
				CLANG_ENABLE_MODULES = YES;
				CLANG_ENABLE_OBJC_ARC = YES;
				CLANG_ENABLE_OBJC_WEAK = YES;
				CLANG_WARN_BLOCK_CAPTURE_AUTORELEASING = YES;
				CLANG_WARN_BOOL_CONVERSION = YES;
				CLANG_WARN_COMMA = YES;
				CLANG_WARN_CONSTANT_CONVERSION = YES;
				CLANG_WARN_DEPRECATED_OBJC_IMPLEMENTATIONS = YES;
				CLANG_WARN_DIRECT_OBJC_ISA_USAGE = YES_ERROR;
				CLANG_WARN_DOCUMENTATION_COMMENTS = YES;
				CLANG_WARN_EMPTY_BODY = YES;
				CLANG_WARN_ENUM_CONVERSION = YES;
				CLANG_WARN_INFINITE_RECURSION = YES;
				CLANG_WARN_INT_CONVERSION = YES;
				CLANG_WARN_NON_LITERAL_NULL_CONVERSION = YES;
				CLANG_WARN_OBJC_IMPLICIT_RETAIN_SELF = YES;
				CLANG_WARN_OBJC_LITERAL_CONVERSION = YES;
				CLANG_WARN_OBJC_ROOT_CLASS = YES_ERROR;
				CLANG_WARN_RANGE_LOOP_ANALYSIS = YES;
				CLANG_WARN_STRICT_PROTOTYPES = YES;
				CLANG_WARN_SUSPICIOUS_MOVE = YES;
				CLANG_WARN_UNGUARDED_AVAILABILITY = YES_AGGRESSIVE;
				CLANG_WARN_UNREACHABLE_CODE = YES;
				CLANG_WARN__DUPLICATE_METHOD_MATCH = YES;
				COPY_PHASE_STRIP = NO;
				DEBUG_INFORMATION_FORMAT = "dwarf-with-dsym";
				ENABLE_NS_ASSERTIONS = NO;
				ENABLE_STRICT_OBJC_MSGSEND = YES;
				GCC_C_LANGUAGE_STANDARD = gnu11;
				GCC_NO_COMMON_BLOCKS = YES;
				GCC_WARN_64_TO_32_BIT_CONVERSION = YES;
				GCC_WARN_ABOUT_RETURN_TYPE = YES_ERROR;
				GCC_WARN_UNDECLARED_SELECTOR = YES;
				GCC_WARN_UNINITIALIZED_AUTOS = YES_AGGRESSIVE;
				GCC_WARN_UNUSED_FUNCTION = YES;
				GCC_WARN_UNUSED_VARIABLE = YES;
				IPHONEOS_DEPLOYMENT_TARGET = 13.2;
				MTL_ENABLE_DEBUG_INFO = NO;
				MTL_FAST_MATH = YES;
				SDKROOT = iphoneos;
				SWIFT_COMPILATION_MODE = wholemodule;
				SWIFT_OPTIMIZATION_LEVEL = "-O";
				VALIDATE_PRODUCT = YES;
			};
			name = Release;
		};
		7859491A244F6CC7009ABCDA /* Debug */ = {
			isa = XCBuildConfiguration;
			buildSettings = {
				ASSETCATALOG_COMPILER_APPICON_NAME = AppIcon;
				CODE_SIGN_STYLE = Automatic;
				DEVELOPMENT_TEAM = 986VM4922U;
				INFOPLIST_FILE = ShapeThree/Info.plist;
				LD_RUNPATH_SEARCH_PATHS = (
					"$(inherited)",
					"@executable_path/Frameworks",
				);
				PRODUCT_BUNDLE_IDENTIFIER = harut.ShapeThree;
				PRODUCT_NAME = "$(TARGET_NAME)";
				SWIFT_VERSION = 5.0;
				TARGETED_DEVICE_FAMILY = "1,2";
			};
			name = Debug;
		};
		7859491B244F6CC7009ABCDA /* Release */ = {
			isa = XCBuildConfiguration;
			buildSettings = {
				ASSETCATALOG_COMPILER_APPICON_NAME = AppIcon;
				CODE_SIGN_STYLE = Automatic;
				DEVELOPMENT_TEAM = 986VM4922U;
				INFOPLIST_FILE = ShapeThree/Info.plist;
				LD_RUNPATH_SEARCH_PATHS = (
					"$(inherited)",
					"@executable_path/Frameworks",
				);
				PRODUCT_BUNDLE_IDENTIFIER = harut.ShapeThree;
				PRODUCT_NAME = "$(TARGET_NAME)";
				SWIFT_VERSION = 5.0;
				TARGETED_DEVICE_FAMILY = "1,2";
			};
			name = Release;
		};
/* End XCBuildConfiguration section */

/* Begin XCConfigurationList section */
		785948FD244F6CC1009ABCDA /* Build configuration list for PBXProject "ShapeThree" */ = {
			isa = XCConfigurationList;
			buildConfigurations = (
				78594917244F6CC7009ABCDA /* Debug */,
				78594918244F6CC7009ABCDA /* Release */,
			);
			defaultConfigurationIsVisible = 0;
			defaultConfigurationName = Release;
		};
		78594919244F6CC7009ABCDA /* Build configuration list for PBXNativeTarget "ShapeThree" */ = {
			isa = XCConfigurationList;
			buildConfigurations = (
				7859491A244F6CC7009ABCDA /* Debug */,
				7859491B244F6CC7009ABCDA /* Release */,
			);
			defaultConfigurationIsVisible = 0;
			defaultConfigurationName = Release;
		};
/* End XCConfigurationList section */

/* Begin XCVersionGroup section */
		7859490E244F6CC1009ABCDA /* ShapeThree.xcdatamodeld */ = {
			isa = XCVersionGroup;
			children = (
				7859490F244F6CC1009ABCDA /* ShapeThree.xcdatamodel */,
			);
			currentVersion = 7859490F244F6CC1009ABCDA /* ShapeThree.xcdatamodel */;
			path = ShapeThree.xcdatamodeld;
			sourceTree = "<group>";
			versionGroupType = wrapper.xcdatamodel;
		};
/* End XCVersionGroup section */
	};
	rootObject = 785948FA244F6CC1009ABCDA /* Project object */;
}
